
Microsoft Visual Studio Solution File, Format Version 11.00
# Visual Studio 2010
Project("{FAE04EC0-301F-11D3-BF4B-00C04F79EFBC}") = "Assembly-CSharp", "Assembly-CSharp.csproj", "{781847c5-3e22-c1a5-d106-2aa61069d024}"
EndProject
Project("{FAE04EC0-301F-11D3-BF4B-00C04F79EFBC}") = "Assembly-CSharp-Editor", "Assembly-CSharp-Editor.csproj", "{9b601a87-ea84-febc-44a5-549a7335f404}"
EndProject
Project("{FAE04EC0-301F-11D3-BF4B-00C04F79EFBC}") = "Assembly-CSharp-firstpass", "Assembly-CSharp-firstpass.csproj", "{4a4e0d9a-da0c-93c1-f434-18051961e1a2}"
EndProject
Global
	GlobalSection(SolutionConfigurationPlatforms) = preSolution
		Debug|Any CPU = Debug|Any CPU
	EndGlobalSection
	GlobalSection(ProjectConfigurationPlatforms) = postSolution
		{781847c5-3e22-c1a5-d106-2aa61069d024}.Debug|Any CPU.ActiveCfg = Debug|Any CPU
		{781847c5-3e22-c1a5-d106-2aa61069d024}.Debug|Any CPU.Build.0 = Debug|Any CPU
		{9b601a87-ea84-febc-44a5-549a7335f404}.Debug|Any CPU.ActiveCfg = Debug|Any CPU
		{9b601a87-ea84-febc-44a5-549a7335f404}.Debug|Any CPU.Build.0 = Debug|Any CPU
		{4a4e0d9a-da0c-93c1-f434-18051961e1a2}.Debug|Any CPU.ActiveCfg = Debug|Any CPU
		{4a4e0d9a-da0c-93c1-f434-18051961e1a2}.Debug|Any CPU.Build.0 = Debug|Any CPU
	EndGlobalSection
	GlobalSection(SolutionProperties) = preSolution
		HideSolutionNode = FALSE
	EndGlobalSection
EndGlobal
